
Microsoft Visual Studio Solution File, Format Version 12.00
# Visual Studio Version 17
VisualStudioVersion = 17.4.33205.214
MinimumVisualStudioVersion = 10.0.40219.1
Project("{9A19103F-16F7-4668-BE54-9A1E7A4F7556}") = "MyAppWeb", "MyAppWeb\MyAppWeb.csproj", "{FD798025-ED83-4443-992D-E9B7629187B8}"
EndProject
Project("{9A19103F-16F7-4668-BE54-9A1E7A4F7556}") = "MyApp.Models", "MyApp.Models\MyApp.Models.csproj", "{A4F610DF-3292-4608-858C-979BBD7D6B76}"
EndProject
Project("{9A19103F-16F7-4668-BE54-9A1E7A4F7556}") = "MyApp.DataAccessLayer", "MyApp.Data\MyApp.DataAccessLayer.csproj", "{91E3A0A5-5884-4588-A0E6-1405FA311A3B}"
EndProject
Project("{FAE04EC0-301F-11D3-BF4B-00C04F79EFBC}") = "MyApp.CommonHelper", "MyApp.CommonHelper\MyApp.CommonHelper.csproj", "{BB4B7695-5AE8-4996-B296-664FF327A818}"
EndProject
Global
	GlobalSection(SolutionConfigurationPlatforms) = preSolution
		Debug|Any CPU = Debug|Any CPU
		Release|Any CPU = Release|Any CPU
	EndGlobalSection
	GlobalSection(ProjectConfigurationPlatforms) = postSolution
		{FD798025-ED83-4443-992D-E9B7629187B8}.Debug|Any CPU.ActiveCfg = Debug|Any CPU
		{FD798025-ED83-4443-992D-E9B7629187B8}.Debug|Any CPU.Build.0 = Debug|Any CPU
		{FD798025-ED83-4443-992D-E9B7629187B8}.Release|Any CPU.ActiveCfg = Release|Any CPU
		{FD798025-ED83-4443-992D-E9B7629187B8}.Release|Any CPU.Build.0 = Release|Any CPU
		{A4F610DF-3292-4608-858C-979BBD7D6B76}.Debug|Any CPU.ActiveCfg = Debug|Any CPU
		{A4F610DF-3292-4608-858C-979BBD7D6B76}.Debug|Any CPU.Build.0 = Debug|Any CPU
		{A4F610DF-3292-4608-858C-979BBD7D6B76}.Release|Any CPU.ActiveCfg = Release|Any CPU
		{A4F610DF-3292-4608-858C-979BBD7D6B76}.Release|Any CPU.Build.0 = Release|Any CPU
		{91E3A0A5-5884-4588-A0E6-1405FA311A3B}.Debug|Any CPU.ActiveCfg = Debug|Any CPU
		{91E3A0A5-5884-4588-A0E6-1405FA311A3B}.Debug|Any CPU.Build.0 = Debug|Any CPU
		{91E3A0A5-5884-4588-A0E6-1405FA311A3B}.Release|Any CPU.ActiveCfg = Release|Any CPU
		{91E3A0A5-5884-4588-A0E6-1405FA311A3B}.Release|Any CPU.Build.0 = Release|Any CPU
		{BB4B7695-5AE8-4996-B296-664FF327A818}.Debug|Any CPU.ActiveCfg = Debug|Any CPU
		{BB4B7695-5AE8-4996-B296-664FF327A818}.Debug|Any CPU.Build.0 = Debug|Any CPU
		{BB4B7695-5AE8-4996-B296-664FF327A818}.Release|Any CPU.ActiveCfg = Release|Any CPU
		{BB4B7695-5AE8-4996-B296-664FF327A818}.Release|Any CPU.Build.0 = Release|Any CPU
	EndGlobalSection
	GlobalSection(SolutionProperties) = preSolution
		HideSolutionNode = FALSE
	EndGlobalSection
	GlobalSection(ExtensibilityGlobals) = postSolution
		SolutionGuid = {F989384E-C766-4FB0-8266-BBC8B977D954}
	EndGlobalSection
EndGlobal
